{
  "pins" : [
    {
      "identity" : "wwprint",
      "kind" : "remoteSourceControl",
      "location" : "https://github.com/William-Weng/WWPrint.git",
      "state" : {
        "revision" : "67b58781fca2d400202f93c27ef695805947a717",
        "version" : "1.0.1"
      }
    },
    {
      "identity" : "wwprogressmaskview",
      "kind" : "remoteSourceControl",
      "location" : "https://github.com/William-Weng/WWProgressMaskView",
      "state" : {
        "revision" : "6edbe375d5986c481bf4add1fa7caf83b8a66ec8",
        "version" : "1.1.0"
      }
    }
  ],
  "version" : 2
}
