{
  "originHash" : "1e7e054e9c908a82855c08928ade049ffd25b4ecdecf2761608a5639a3d056ac",
  "pins" : [
    {
      "identity" : "wwprint",
      "kind" : "remoteSourceControl",
      "location" : "https://github.com/William-Weng/WWPrint.git",
      "state" : {
        "revision" : "8f5928f5d36624d77f8fc563fd8e31a59cfac6b6",
        "version" : "1.3.1"
      }
    },
    {
      "identity" : "wwprogressmaskview",
      "kind" : "remoteSourceControl",
      "location" : "https://github.com/William-Weng/WWProgressMaskView",
      "state" : {
        "revision" : "1a46053f5755a3c57e671d08502b35ee550e4360",
        "version" : "1.4.0"
      }
    }
  ],
  "version" : 3
}
